
Microsoft Visual Studio Solution File, Format Version 12.00
# Visual Studio Version 17
VisualStudioVersion = 17.10.35013.160
MinimumVisualStudioVersion = 10.0.40219.1
Project("{FAE04EC0-301F-11D3-BF4B-00C04F79EFBC}") = "SubirArchivos_API_Rest_Full", "SubirArchivos_API_Rest_Full\SubirArchivos_API_Rest_Full.csproj", "{B70D7323-357C-42C4-BA0D-60F53B751A80}"
EndProject
Global
	GlobalSection(SolutionConfigurationPlatforms) = preSolution
		Debug|Any CPU = Debug|Any CPU
		Release|Any CPU = Release|Any CPU
	EndGlobalSection
	GlobalSection(ProjectConfigurationPlatforms) = postSolution
		{B70D7323-357C-42C4-BA0D-60F53B751A80}.Debug|Any CPU.ActiveCfg = Debug|Any CPU
		{B70D7323-357C-42C4-BA0D-60F53B751A80}.Debug|Any CPU.Build.0 = Debug|Any CPU
		{B70D7323-357C-42C4-BA0D-60F53B751A80}.Release|Any CPU.ActiveCfg = Release|Any CPU
		{B70D7323-357C-42C4-BA0D-60F53B751A80}.Release|Any CPU.Build.0 = Release|Any CPU
	EndGlobalSection
	GlobalSection(SolutionProperties) = preSolution
		HideSolutionNode = FALSE
	EndGlobalSection
	GlobalSection(ExtensibilityGlobals) = postSolution
		SolutionGuid = {174643F2-5E3E-4DF8-BF7B-2BA80FD334B1}
	EndGlobalSection
EndGlobal
